
Microsoft Visual Studio Solution File, Format Version 12.00
# Visual Studio Version 17
VisualStudioVersion = 17.0.31903.59
MinimumVisualStudioVersion = 10.0.40219.1
Project("{FAE04EC0-301F-11D3-BF4B-00C04F79EFBC}") = "delegate", "delegate.csproj", "{A35034C7-E703-4E2E-B3FB-C42F029E8603}"
EndProject
Global
	GlobalSection(SolutionConfigurationPlatforms) = preSolution
		Debug|Any CPU = Debug|Any CPU
		Release|Any CPU = Release|Any CPU
	EndGlobalSection
	GlobalSection(ProjectConfigurationPlatforms) = postSolution
		{A35034C7-E703-4E2E-B3FB-C42F029E8603}.Debug|Any CPU.ActiveCfg = Debug|Any CPU
		{A35034C7-E703-4E2E-B3FB-C42F029E8603}.Debug|Any CPU.Build.0 = Debug|Any CPU
		{A35034C7-E703-4E2E-B3FB-C42F029E8603}.Release|Any CPU.ActiveCfg = Release|Any CPU
		{A35034C7-E703-4E2E-B3FB-C42F029E8603}.Release|Any CPU.Build.0 = Release|Any CPU
	EndGlobalSection
	GlobalSection(SolutionProperties) = preSolution
		HideSolutionNode = FALSE
	EndGlobalSection
	GlobalSection(ExtensibilityGlobals) = postSolution
		SolutionGuid = {81E43B71-AAFB-4845-89A3-A54BBABF6EF0}
	EndGlobalSection
EndGlobal
