
Microsoft Visual Studio Solution File, Format Version 12.00
# Visual Studio Version 17
VisualStudioVersion = 17.1.32210.238
MinimumVisualStudioVersion = 10.0.40219.1
Project("{E24C65DC-7377-472B-9ABA-BC803B73C61A}") = "WebSite1(1)", ".", "{70E0CDF4-2515-45FD-8C8A-AD0EDF675525}"
	ProjectSection(WebsiteProperties) = preProject
		TargetFrameworkMoniker = ".NETFramework,Version%3Dv4.8"
		Debug.AspNetCompiler.VirtualPath = "/localhost_61215"
		Debug.AspNetCompiler.PhysicalPath = "..\WebSite1\"
		Debug.AspNetCompiler.TargetPath = "PrecompiledWeb\localhost_61215\"
		Debug.AspNetCompiler.Updateable = "true"
		Debug.AspNetCompiler.ForceOverwrite = "true"
		Debug.AspNetCompiler.FixedNames = "false"
		Debug.AspNetCompiler.Debug = "True"
		Release.AspNetCompiler.VirtualPath = "/localhost_61215"
		Release.AspNetCompiler.PhysicalPath = "..\WebSite1\"
		Release.AspNetCompiler.TargetPath = "PrecompiledWeb\localhost_61215\"
		Release.AspNetCompiler.Updateable = "true"
		Release.AspNetCompiler.ForceOverwrite = "true"
		Release.AspNetCompiler.FixedNames = "false"
		Release.AspNetCompiler.Debug = "False"
		VWDPort = "61215"
		SlnRelativePath = "..\WebSite1\"
		DefaultWebSiteLanguage = "Visual C#"
	EndProjectSection
EndProject
Global
	GlobalSection(SolutionConfigurationPlatforms) = preSolution
		Debug|Any CPU = Debug|Any CPU
	EndGlobalSection
	GlobalSection(ProjectConfigurationPlatforms) = postSolution
		{70E0CDF4-2515-45FD-8C8A-AD0EDF675525}.Debug|Any CPU.ActiveCfg = Debug|Any CPU
		{70E0CDF4-2515-45FD-8C8A-AD0EDF675525}.Debug|Any CPU.Build.0 = Debug|Any CPU
	EndGlobalSection
	GlobalSection(SolutionProperties) = preSolution
		HideSolutionNode = FALSE
	EndGlobalSection
	GlobalSection(ExtensibilityGlobals) = postSolution
		SolutionGuid = {D45BB2ED-4DED-476E-A123-36EFEA6EBC83}
	EndGlobalSection
EndGlobal
