
Microsoft Visual Studio Solution File, Format Version 12.00
# Visual Studio Version 17
VisualStudioVersion = 17.0.32112.339
MinimumVisualStudioVersion = 10.0.40219.1
Project("{FAE04EC0-301F-11D3-BF4B-00C04F79EFBC}") = "lab1_1", "lab1_1.csproj", "{D2E98913-B36F-403A-9857-913E9F150856}"
EndProject
Global
	GlobalSection(SolutionConfigurationPlatforms) = preSolution
		Debug|Any CPU = Debug|Any CPU
		Release|Any CPU = Release|Any CPU
	EndGlobalSection
	GlobalSection(ProjectConfigurationPlatforms) = postSolution
		{D2E98913-B36F-403A-9857-913E9F150856}.Debug|Any CPU.ActiveCfg = Debug|Any CPU
		{D2E98913-B36F-403A-9857-913E9F150856}.Debug|Any CPU.Build.0 = Debug|Any CPU
		{D2E98913-B36F-403A-9857-913E9F150856}.Release|Any CPU.ActiveCfg = Release|Any CPU
		{D2E98913-B36F-403A-9857-913E9F150856}.Release|Any CPU.Build.0 = Release|Any CPU
	EndGlobalSection
	GlobalSection(SolutionProperties) = preSolution
		HideSolutionNode = FALSE
	EndGlobalSection
	GlobalSection(ExtensibilityGlobals) = postSolution
		SolutionGuid = {F2D4CDAD-486A-40AC-AAD3-8CE28B09045F}
	EndGlobalSection
EndGlobal
