
Microsoft Visual Studio Solution File, Format Version 12.00
# Visual Studio Version 17
VisualStudioVersion = 17.0.32112.339
MinimumVisualStudioVersion = 10.0.40219.1
Project("{FAE04EC0-301F-11D3-BF4B-00C04F79EFBC}") = "chto-to2lab", "chto-to2lab.csproj", "{FDAFA0FF-F017-4111-998D-D3147B72DB8B}"
EndProject
Global
	GlobalSection(SolutionConfigurationPlatforms) = preSolution
		Debug|Any CPU = Debug|Any CPU
		Release|Any CPU = Release|Any CPU
	EndGlobalSection
	GlobalSection(ProjectConfigurationPlatforms) = postSolution
		{FDAFA0FF-F017-4111-998D-D3147B72DB8B}.Debug|Any CPU.ActiveCfg = Debug|Any CPU
		{FDAFA0FF-F017-4111-998D-D3147B72DB8B}.Debug|Any CPU.Build.0 = Debug|Any CPU
		{FDAFA0FF-F017-4111-998D-D3147B72DB8B}.Release|Any CPU.ActiveCfg = Release|Any CPU
		{FDAFA0FF-F017-4111-998D-D3147B72DB8B}.Release|Any CPU.Build.0 = Release|Any CPU
	EndGlobalSection
	GlobalSection(SolutionProperties) = preSolution
		HideSolutionNode = FALSE
	EndGlobalSection
	GlobalSection(ExtensibilityGlobals) = postSolution
		SolutionGuid = {5109D019-D8D2-4751-B78B-BE1BBC2E398A}
	EndGlobalSection
EndGlobal
