
Microsoft Visual Studio Solution File, Format Version 12.00
# Visual Studio Version 17
VisualStudioVersion = 17.3.32929.385
MinimumVisualStudioVersion = 10.0.40219.1
Project("{9A19103F-16F7-4668-BE54-9A1E7A4F7556}") = "lab4", "lab4\lab4.csproj", "{1C546064-A39F-4A66-BB69-443AA31D1AAD}"
EndProject
Global
	GlobalSection(SolutionConfigurationPlatforms) = preSolution
		Debug|Any CPU = Debug|Any CPU
		Release|Any CPU = Release|Any CPU
	EndGlobalSection
	GlobalSection(ProjectConfigurationPlatforms) = postSolution
		{1C546064-A39F-4A66-BB69-443AA31D1AAD}.Debug|Any CPU.ActiveCfg = Debug|Any CPU
		{1C546064-A39F-4A66-BB69-443AA31D1AAD}.Debug|Any CPU.Build.0 = Debug|Any CPU
		{1C546064-A39F-4A66-BB69-443AA31D1AAD}.Release|Any CPU.ActiveCfg = Release|Any CPU
		{1C546064-A39F-4A66-BB69-443AA31D1AAD}.Release|Any CPU.Build.0 = Release|Any CPU
	EndGlobalSection
	GlobalSection(SolutionProperties) = preSolution
		HideSolutionNode = FALSE
	EndGlobalSection
	GlobalSection(ExtensibilityGlobals) = postSolution
		SolutionGuid = {E1525153-9CCE-4C56-9F87-D6A6D30B3F27}
	EndGlobalSection
EndGlobal
