
Microsoft Visual Studio Solution File, Format Version 12.00
# Visual Studio Version 16
VisualStudioVersion = 16.0.31624.102
MinimumVisualStudioVersion = 10.0.40219.1
Project("{FAE04EC0-301F-11D3-BF4B-00C04F79EFBC}") = "IndZad", "IndZad\IndZad.csproj", "{5EAE09F7-1477-4270-8991-DAF5792656AB}"
EndProject
Global
	GlobalSection(SolutionConfigurationPlatforms) = preSolution
		Debug|Any CPU = Debug|Any CPU
		Release|Any CPU = Release|Any CPU
	EndGlobalSection
	GlobalSection(ProjectConfigurationPlatforms) = postSolution
		{5EAE09F7-1477-4270-8991-DAF5792656AB}.Debug|Any CPU.ActiveCfg = Debug|Any CPU
		{5EAE09F7-1477-4270-8991-DAF5792656AB}.Debug|Any CPU.Build.0 = Debug|Any CPU
		{5EAE09F7-1477-4270-8991-DAF5792656AB}.Release|Any CPU.ActiveCfg = Release|Any CPU
		{5EAE09F7-1477-4270-8991-DAF5792656AB}.Release|Any CPU.Build.0 = Release|Any CPU
	EndGlobalSection
	GlobalSection(SolutionProperties) = preSolution
		HideSolutionNode = FALSE
	EndGlobalSection
	GlobalSection(ExtensibilityGlobals) = postSolution
		SolutionGuid = {EAC9C103-95A2-41E8-BB76-073A89871B1F}
	EndGlobalSection
EndGlobal
