
Microsoft Visual Studio Solution File, Format Version 12.00
# Visual Studio Version 17
VisualStudioVersion = 17.0.31903.59
MinimumVisualStudioVersion = 10.0.40219.1
Project("{FAE04EC0-301F-11D3-BF4B-00C04F79EFBC}") = "interfase", "interfase.csproj", "{F638D144-89D6-491F-A32C-5F0AC794EC72}"
EndProject
Global
	GlobalSection(SolutionConfigurationPlatforms) = preSolution
		Debug|Any CPU = Debug|Any CPU
		Release|Any CPU = Release|Any CPU
	EndGlobalSection
	GlobalSection(ProjectConfigurationPlatforms) = postSolution
		{F638D144-89D6-491F-A32C-5F0AC794EC72}.Debug|Any CPU.ActiveCfg = Debug|Any CPU
		{F638D144-89D6-491F-A32C-5F0AC794EC72}.Debug|Any CPU.Build.0 = Debug|Any CPU
		{F638D144-89D6-491F-A32C-5F0AC794EC72}.Release|Any CPU.ActiveCfg = Release|Any CPU
		{F638D144-89D6-491F-A32C-5F0AC794EC72}.Release|Any CPU.Build.0 = Release|Any CPU
	EndGlobalSection
	GlobalSection(SolutionProperties) = preSolution
		HideSolutionNode = FALSE
	EndGlobalSection
	GlobalSection(ExtensibilityGlobals) = postSolution
		SolutionGuid = {5C3716FB-B38E-4B64-8EB8-486F524CCA52}
	EndGlobalSection
EndGlobal
