
Microsoft Visual Studio Solution File, Format Version 12.00
# Visual Studio Version 17
VisualStudioVersion = 17.7.34031.279
MinimumVisualStudioVersion = 10.0.40219.1
Project("{FAE04EC0-301F-11D3-BF4B-00C04F79EFBC}") = "GrachevDaniil_PRI120", "GrachevDaniil_PRI120.csproj", "{60A07426-6B81-4223-BD29-DA7D80EC8DD3}"
EndProject
Global
	GlobalSection(SolutionConfigurationPlatforms) = preSolution
		Debug|Any CPU = Debug|Any CPU
		Release|Any CPU = Release|Any CPU
	EndGlobalSection
	GlobalSection(ProjectConfigurationPlatforms) = postSolution
		{60A07426-6B81-4223-BD29-DA7D80EC8DD3}.Debug|Any CPU.ActiveCfg = Release|Any CPU
		{60A07426-6B81-4223-BD29-DA7D80EC8DD3}.Debug|Any CPU.Build.0 = Release|Any CPU
		{60A07426-6B81-4223-BD29-DA7D80EC8DD3}.Release|Any CPU.ActiveCfg = Release|Any CPU
		{60A07426-6B81-4223-BD29-DA7D80EC8DD3}.Release|Any CPU.Build.0 = Release|Any CPU
	EndGlobalSection
	GlobalSection(SolutionProperties) = preSolution
		HideSolutionNode = FALSE
	EndGlobalSection
	GlobalSection(ExtensibilityGlobals) = postSolution
		SolutionGuid = {F7BC1CAF-A71D-403F-B757-D1A73AAD4F69}
	EndGlobalSection
EndGlobal
