
Microsoft Visual Studio Solution File, Format Version 12.00
# Visual Studio Version 17
VisualStudioVersion = 17.7.34202.233
MinimumVisualStudioVersion = 10.0.40219.1
Project("{FAE04EC0-301F-11D3-BF4B-00C04F79EFBC}") = "lab6DaniilGrachev", "lab6DaniilGrachev.csproj", "{A75B25DA-82A3-4186-A573-BA14C6738190}"
EndProject
Global
	GlobalSection(SolutionConfigurationPlatforms) = preSolution
		Debug|Any CPU = Debug|Any CPU
		Release|Any CPU = Release|Any CPU
	EndGlobalSection
	GlobalSection(ProjectConfigurationPlatforms) = postSolution
		{A75B25DA-82A3-4186-A573-BA14C6738190}.Debug|Any CPU.ActiveCfg = Debug|Any CPU
		{A75B25DA-82A3-4186-A573-BA14C6738190}.Debug|Any CPU.Build.0 = Debug|Any CPU
		{A75B25DA-82A3-4186-A573-BA14C6738190}.Release|Any CPU.ActiveCfg = Release|Any CPU
		{A75B25DA-82A3-4186-A573-BA14C6738190}.Release|Any CPU.Build.0 = Release|Any CPU
	EndGlobalSection
	GlobalSection(SolutionProperties) = preSolution
		HideSolutionNode = FALSE
	EndGlobalSection
	GlobalSection(ExtensibilityGlobals) = postSolution
		SolutionGuid = {1F65227B-CB12-44FD-81A9-10A93C528EDB}
	EndGlobalSection
EndGlobal
